// !$*UTF8*$!
{
	archiveVersion = 1;
	classes = {
	};
	objectVersion = 46;
	objects = {

/* Begin PBXBuildFile section */
		6A0C78BD1AB2039C009E2D4C /* FeedPost.swift in Sources */ = {isa = PBXBuildFile; fileRef = 6A0C78BC1AB2039C009E2D4C /* FeedPost.swift */; };
		6A0C78BF1AB20766009E2D4C /* FeedViewController.swift in Sources */ = {isa = PBXBuildFile; fileRef = 6A0C78BE1AB20766009E2D4C /* FeedViewController.swift */; };
		6A0C78C31AB23256009E2D4C /* FeedPostCell.swift in Sources */ = {isa = PBXBuildFile; fileRef = 6A0C78C21AB23256009E2D4C /* FeedPostCell.swift */; };
		6A0C78C51AB23961009E2D4C /* NewDiscussionDetailsViewController.swift in Sources */ = {isa = PBXBuildFile; fileRef = 6A0C78C41AB23961009E2D4C /* NewDiscussionDetailsViewController.swift */; };
		6AA9CB7E1AB10D08007CD655 /* AppDelegate.swift in Sources */ = {isa = PBXBuildFile; fileRef = 6AA9CB7D1AB10D08007CD655 /* AppDelegate.swift */; };
		6AA9CB821AB10D08007CD655 /* SecondViewController.swift in Sources */ = {isa = PBXBuildFile; fileRef = 6AA9CB811AB10D08007CD655 /* SecondViewController.swift */; };
		6AA9CB851AB10D08007CD655 /* Main.storyboard in Resources */ = {isa = PBXBuildFile; fileRef = 6AA9CB831AB10D08007CD655 /* Main.storyboard */; };
		6AA9CB871AB10D08007CD655 /* Images.xcassets in Resources */ = {isa = PBXBuildFile; fileRef = 6AA9CB861AB10D08007CD655 /* Images.xcassets */; };
		6AA9CB8A1AB10D08007CD655 /* LaunchScreen.xib in Resources */ = {isa = PBXBuildFile; fileRef = 6AA9CB881AB10D08007CD655 /* LaunchScreen.xib */; };
		6AA9CB961AB10D08007CD655 /* gamer_iosTests.swift in Sources */ = {isa = PBXBuildFile; fileRef = 6AA9CB951AB10D08007CD655 /* gamer_iosTests.swift */; };
		6AA9CBA01AB11010007CD655 /* ThirdViewController.swift in Sources */ = {isa = PBXBuildFile; fileRef = 6AA9CB9F1AB11010007CD655 /* ThirdViewController.swift */; };
		6AA9CBA21AB110EF007CD655 /* ProfileViewController.swift in Sources */ = {isa = PBXBuildFile; fileRef = 6AA9CBA11AB110EF007CD655 /* ProfileViewController.swift */; };
		6AA9CBA61AB113CF007CD655 /* Bolts.framework in Frameworks */ = {isa = PBXBuildFile; fileRef = 6AA9CBA31AB113CF007CD655 /* Bolts.framework */; };
		6AA9CBA71AB113CF007CD655 /* FacebookSDK.framework in Frameworks */ = {isa = PBXBuildFile; fileRef = 6AA9CBA41AB113CF007CD655 /* FacebookSDK.framework */; };
		6AA9CBA81AB113CF007CD655 /* FBAudienceNetwork.framework in Frameworks */ = {isa = PBXBuildFile; fileRef = 6AA9CBA51AB113CF007CD655 /* FBAudienceNetwork.framework */; };
		6AA9CBAD1AB1149D007CD655 /* LoginViewController.swift in Sources */ = {isa = PBXBuildFile; fileRef = 6AA9CBAC1AB1149D007CD655 /* LoginViewController.swift */; };
		6AD19E8A1AB38EAF00243183 /* DataManager.swift in Sources */ = {isa = PBXBuildFile; fileRef = 6AD19E891AB38EAF00243183 /* DataManager.swift */; };
		6AD19E8C1AB3918700243183 /* SwiftyJSON.swift in Sources */ = {isa = PBXBuildFile; fileRef = 6AD19E8B1AB3918700243183 /* SwiftyJSON.swift */; };
/* End PBXBuildFile section */

/* Begin PBXContainerItemProxy section */
		6AA9CB901AB10D08007CD655 /* PBXContainerItemProxy */ = {
			isa = PBXContainerItemProxy;
			containerPortal = 6AA9CB701AB10D08007CD655 /* Project object */;
			proxyType = 1;
			remoteGlobalIDString = 6AA9CB771AB10D08007CD655;
			remoteInfo = "gamer-ios";
		};
/* End PBXContainerItemProxy section */

/* Begin PBXFileReference section */
		6A0C78BC1AB2039C009E2D4C /* FeedPost.swift */ = {isa = PBXFileReference; fileEncoding = 4; lastKnownFileType = sourcecode.swift; path = FeedPost.swift; sourceTree = "<group>"; };
		6A0C78BE1AB20766009E2D4C /* FeedViewController.swift */ = {isa = PBXFileReference; fileEncoding = 4; lastKnownFileType = sourcecode.swift; path = FeedViewController.swift; sourceTree = "<group>"; };
		6A0C78C21AB23256009E2D4C /* FeedPostCell.swift */ = {isa = PBXFileReference; fileEncoding = 4; lastKnownFileType = sourcecode.swift; path = FeedPostCell.swift; sourceTree = "<group>"; };
		6A0C78C41AB23961009E2D4C /* NewDiscussionDetailsViewController.swift */ = {isa = PBXFileReference; fileEncoding = 4; lastKnownFileType = sourcecode.swift; path = NewDiscussionDetailsViewController.swift; sourceTree = "<group>"; };
		6AA9CB781AB10D08007CD655 /* gamer-ios.app */ = {isa = PBXFileReference; explicitFileType = wrapper.application; includeInIndex = 0; path = "gamer-ios.app"; sourceTree = BUILT_PRODUCTS_DIR; };
		6AA9CB7C1AB10D08007CD655 /* Info.plist */ = {isa = PBXFileReference; lastKnownFileType = text.plist.xml; path = Info.plist; sourceTree = "<group>"; };
		6AA9CB7D1AB10D08007CD655 /* AppDelegate.swift */ = {isa = PBXFileReference; lastKnownFileType = sourcecode.swift; path = AppDelegate.swift; sourceTree = "<group>"; };
		6AA9CB811AB10D08007CD655 /* SecondViewController.swift */ = {isa = PBXFileReference; lastKnownFileType = sourcecode.swift; path = SecondViewController.swift; sourceTree = "<group>"; };
		6AA9CB841AB10D08007CD655 /* Base */ = {isa = PBXFileReference; lastKnownFileType = file.storyboard; name = Base; path = Base.lproj/Main.storyboard; sourceTree = "<group>"; };
		6AA9CB861AB10D08007CD655 /* Images.xcassets */ = {isa = PBXFileReference; lastKnownFileType = folder.assetcatalog; path = Images.xcassets; sourceTree = "<group>"; };
		6AA9CB891AB10D08007CD655 /* Base */ = {isa = PBXFileReference; lastKnownFileType = file.xib; name = Base; path = Base.lproj/LaunchScreen.xib; sourceTree = "<group>"; };
		6AA9CB8F1AB10D08007CD655 /* gamer-iosTests.xctest */ = {isa = PBXFileReference; explicitFileType = wrapper.cfbundle; includeInIndex = 0; path = "gamer-iosTests.xctest"; sourceTree = BUILT_PRODUCTS_DIR; };
		6AA9CB941AB10D08007CD655 /* Info.plist */ = {isa = PBXFileReference; lastKnownFileType = text.plist.xml; path = Info.plist; sourceTree = "<group>"; };
		6AA9CB951AB10D08007CD655 /* gamer_iosTests.swift */ = {isa = PBXFileReference; lastKnownFileType = sourcecode.swift; path = gamer_iosTests.swift; sourceTree = "<group>"; };
		6AA9CB9F1AB11010007CD655 /* ThirdViewController.swift */ = {isa = PBXFileReference; fileEncoding = 4; lastKnownFileType = sourcecode.swift; path = ThirdViewController.swift; sourceTree = "<group>"; };
		6AA9CBA11AB110EF007CD655 /* ProfileViewController.swift */ = {isa = PBXFileReference; fileEncoding = 4; lastKnownFileType = sourcecode.swift; path = ProfileViewController.swift; sourceTree = "<group>"; };
		6AA9CBA31AB113CF007CD655 /* Bolts.framework */ = {isa = PBXFileReference; lastKnownFileType = wrapper.framework; path = Bolts.framework; sourceTree = "<group>"; };
		6AA9CBA41AB113CF007CD655 /* FacebookSDK.framework */ = {isa = PBXFileReference; lastKnownFileType = wrapper.framework; path = FacebookSDK.framework; sourceTree = "<group>"; };
		6AA9CBA51AB113CF007CD655 /* FBAudienceNetwork.framework */ = {isa = PBXFileReference; lastKnownFileType = wrapper.framework; path = FBAudienceNetwork.framework; sourceTree = "<group>"; };
		6AA9CBAC1AB1149D007CD655 /* LoginViewController.swift */ = {isa = PBXFileReference; fileEncoding = 4; lastKnownFileType = sourcecode.swift; name = LoginViewController.swift; path = ../LoginViewController.swift; sourceTree = "<group>"; };
		6AA9CBAE1AB11511007CD655 /* OAuth-Login-Header.h */ = {isa = PBXFileReference; lastKnownFileType = sourcecode.c.h; path = "OAuth-Login-Header.h"; sourceTree = "<group>"; };
		6AD19E891AB38EAF00243183 /* DataManager.swift */ = {isa = PBXFileReference; fileEncoding = 4; lastKnownFileType = sourcecode.swift; path = DataManager.swift; sourceTree = "<group>"; };
		6AD19E8B1AB3918700243183 /* SwiftyJSON.swift */ = {isa = PBXFileReference; fileEncoding = 4; lastKnownFileType = sourcecode.swift; path = SwiftyJSON.swift; sourceTree = "<group>"; };
/* End PBXFileReference section */

/* Begin PBXFrameworksBuildPhase section */
		6AA9CB751AB10D08007CD655 /* Frameworks */ = {
			isa = PBXFrameworksBuildPhase;
			buildActionMask = 2147483647;
			files = (
				6AA9CBA81AB113CF007CD655 /* FBAudienceNetwork.framework in Frameworks */,
				6AA9CBA61AB113CF007CD655 /* Bolts.framework in Frameworks */,
				6AA9CBA71AB113CF007CD655 /* FacebookSDK.framework in Frameworks */,
			);
			runOnlyForDeploymentPostprocessing = 0;
		};
		6AA9CB8C1AB10D08007CD655 /* Frameworks */ = {
			isa = PBXFrameworksBuildPhase;
			buildActionMask = 2147483647;
			files = (
			);
			runOnlyForDeploymentPostprocessing = 0;
		};
/* End PBXFrameworksBuildPhase section */

/* Begin PBXGroup section */
		6AA9CB6F1AB10D08007CD655 = {
			isa = PBXGroup;
			children = (
				6AD19E8B1AB3918700243183 /* SwiftyJSON.swift */,
				6AA9CB7A1AB10D08007CD655 /* gamer-ios */,
				6AA9CB921AB10D08007CD655 /* gamer-iosTests */,
				6AA9CB791AB10D08007CD655 /* Products */,
			);
			sourceTree = "<group>";
		};
		6AA9CB791AB10D08007CD655 /* Products */ = {
			isa = PBXGroup;
			children = (
				6AA9CB781AB10D08007CD655 /* gamer-ios.app */,
				6AA9CB8F1AB10D08007CD655 /* gamer-iosTests.xctest */,
			);
			name = Products;
			sourceTree = "<group>";
		};
		6AA9CB7A1AB10D08007CD655 /* gamer-ios */ = {
			isa = PBXGroup;
			children = (
				6AD19E821AB38DD300243183 /* Login */,
				6AD19E831AB38E1700243183 /* Feed */,
				6AD19E881AB38E5500243183 /* Post */,
				6AD19E851AB38E3800243183 /* Discover */,
				6AD19E861AB38E3D00243183 /* Groups */,
				6AD19E871AB38E4600243183 /* Profile */,
				6AA9CB7D1AB10D08007CD655 /* AppDelegate.swift */,
				6AD19E891AB38EAF00243183 /* DataManager.swift */,
				6AA9CB831AB10D08007CD655 /* Main.storyboard */,
				6AA9CB861AB10D08007CD655 /* Images.xcassets */,
				6AA9CB7B1AB10D08007CD655 /* Supporting Files */,
				6AA9CBA91AB113D6007CD655 /* Frameworks */,
				6AA9CBAE1AB11511007CD655 /* OAuth-Login-Header.h */,
			);
			path = "gamer-ios";
			sourceTree = "<group>";
		};
		6AA9CB7B1AB10D08007CD655 /* Supporting Files */ = {
			isa = PBXGroup;
			children = (
				6AA9CB7C1AB10D08007CD655 /* Info.plist */,
			);
			name = "Supporting Files";
			sourceTree = "<group>";
		};
		6AA9CB921AB10D08007CD655 /* gamer-iosTests */ = {
			isa = PBXGroup;
			children = (
				6AA9CB951AB10D08007CD655 /* gamer_iosTests.swift */,
				6AA9CB931AB10D08007CD655 /* Supporting Files */,
			);
			path = "gamer-iosTests";
			sourceTree = "<group>";
		};
		6AA9CB931AB10D08007CD655 /* Supporting Files */ = {
			isa = PBXGroup;
			children = (
				6AA9CB941AB10D08007CD655 /* Info.plist */,
			);
			name = "Supporting Files";
			sourceTree = "<group>";
		};
		6AA9CBA91AB113D6007CD655 /* Frameworks */ = {
			isa = PBXGroup;
			children = (
				6AA9CBA31AB113CF007CD655 /* Bolts.framework */,
				6AA9CBA41AB113CF007CD655 /* FacebookSDK.framework */,
				6AA9CBA51AB113CF007CD655 /* FBAudienceNetwork.framework */,
			);
			name = Frameworks;
			sourceTree = "<group>";
		};
		6AD19E821AB38DD300243183 /* Login */ = {
			isa = PBXGroup;
			children = (
				6AA9CB881AB10D08007CD655 /* LaunchScreen.xib */,
				6AA9CBAC1AB1149D007CD655 /* LoginViewController.swift */,
			);
			name = Login;
			sourceTree = "<group>";
		};
		6AD19E831AB38E1700243183 /* Feed */ = {
			isa = PBXGroup;
			children = (
				6A0C78BE1AB20766009E2D4C /* FeedViewController.swift */,
				6A0C78C21AB23256009E2D4C /* FeedPostCell.swift */,
				6A0C78BC1AB2039C009E2D4C /* FeedPost.swift */,
			);
			name = Feed;
			sourceTree = "<group>";
		};
		6AD19E851AB38E3800243183 /* Discover */ = {
			isa = PBXGroup;
			children = (
				6AA9CB811AB10D08007CD655 /* SecondViewController.swift */,
			);
			name = Discover;
			sourceTree = "<group>";
		};
		6AD19E861AB38E3D00243183 /* Groups */ = {
			isa = PBXGroup;
			children = (
				6AA9CB9F1AB11010007CD655 /* ThirdViewController.swift */,
			);
			name = Groups;
			sourceTree = "<group>";
		};
		6AD19E871AB38E4600243183 /* Profile */ = {
			isa = PBXGroup;
			children = (
				6AA9CBA11AB110EF007CD655 /* ProfileViewController.swift */,
			);
			name = Profile;
			sourceTree = "<group>";
		};
		6AD19E881AB38E5500243183 /* Post */ = {
			isa = PBXGroup;
			children = (
				6A0C78C41AB23961009E2D4C /* NewDiscussionDetailsViewController.swift */,
			);
			name = Post;
			sourceTree = "<group>";
		};
/* End PBXGroup section */

/* Begin PBXNativeTarget section */
		6AA9CB771AB10D08007CD655 /* gamer-ios */ = {
			isa = PBXNativeTarget;
			buildConfigurationList = 6AA9CB991AB10D08007CD655 /* Build configuration list for PBXNativeTarget "gamer-ios" */;
			buildPhases = (
				6AA9CB741AB10D08007CD655 /* Sources */,
				6AA9CB751AB10D08007CD655 /* Frameworks */,
				6AA9CB761AB10D08007CD655 /* Resources */,
			);
			buildRules = (
			);
			dependencies = (
			);
			name = "gamer-ios";
			productName = "gamer-ios";
			productReference = 6AA9CB781AB10D08007CD655 /* gamer-ios.app */;
			productType = "com.apple.product-type.application";
		};
		6AA9CB8E1AB10D08007CD655 /* gamer-iosTests */ = {
			isa = PBXNativeTarget;
			buildConfigurationList = 6AA9CB9C1AB10D08007CD655 /* Build configuration list for PBXNativeTarget "gamer-iosTests" */;
			buildPhases = (
				6AA9CB8B1AB10D08007CD655 /* Sources */,
				6AA9CB8C1AB10D08007CD655 /* Frameworks */,
				6AA9CB8D1AB10D08007CD655 /* Resources */,
			);
			buildRules = (
			);
			dependencies = (
				6AA9CB911AB10D08007CD655 /* PBXTargetDependency */,
			);
			name = "gamer-iosTests";
			productName = "gamer-iosTests";
			productReference = 6AA9CB8F1AB10D08007CD655 /* gamer-iosTests.xctest */;
			productType = "com.apple.product-type.bundle.unit-test";
		};
/* End PBXNativeTarget section */

/* Begin PBXProject section */
		6AA9CB701AB10D08007CD655 /* Project object */ = {
			isa = PBXProject;
			attributes = {
				LastUpgradeCheck = 0620;
				ORGANIZATIONNAME = rocketu;
				TargetAttributes = {
					6AA9CB771AB10D08007CD655 = {
						CreatedOnToolsVersion = 6.2;
					};
					6AA9CB8E1AB10D08007CD655 = {
						CreatedOnToolsVersion = 6.2;
						TestTargetID = 6AA9CB771AB10D08007CD655;
					};
				};
			};
			buildConfigurationList = 6AA9CB731AB10D08007CD655 /* Build configuration list for PBXProject "gamer-ios" */;
			compatibilityVersion = "Xcode 3.2";
			developmentRegion = English;
			hasScannedForEncodings = 0;
			knownRegions = (
				en,
				Base,
			);
			mainGroup = 6AA9CB6F1AB10D08007CD655;
			productRefGroup = 6AA9CB791AB10D08007CD655 /* Products */;
			projectDirPath = "";
			projectRoot = "";
			targets = (
				6AA9CB771AB10D08007CD655 /* gamer-ios */,
				6AA9CB8E1AB10D08007CD655 /* gamer-iosTests */,
			);
		};
/* End PBXProject section */

/* Begin PBXResourcesBuildPhase section */
		6AA9CB761AB10D08007CD655 /* Resources */ = {
			isa = PBXResourcesBuildPhase;
			buildActionMask = 2147483647;
			files = (
				6AA9CB851AB10D08007CD655 /* Main.storyboard in Resources */,
				6AA9CB8A1AB10D08007CD655 /* LaunchScreen.xib in Resources */,
				6AA9CB871AB10D08007CD655 /* Images.xcassets in Resources */,
			);
			runOnlyForDeploymentPostprocessing = 0;
		};
		6AA9CB8D1AB10D08007CD655 /* Resources */ = {
			isa = PBXResourcesBuildPhase;
			buildActionMask = 2147483647;
			files = (
			);
			runOnlyForDeploymentPostprocessing = 0;
		};
/* End PBXResourcesBuildPhase section */

/* Begin PBXSourcesBuildPhase section */
		6AA9CB741AB10D08007CD655 /* Sources */ = {
			isa = PBXSourcesBuildPhase;
			buildActionMask = 2147483647;
			files = (
				6AA9CBAD1AB1149D007CD655 /* LoginViewController.swift in Sources */,
				6A0C78BF1AB20766009E2D4C /* FeedViewController.swift in Sources */,
				6AD19E8C1AB3918700243183 /* SwiftyJSON.swift in Sources */,
				6AA9CB821AB10D08007CD655 /* SecondViewController.swift in Sources */,
				6AA9CB7E1AB10D08007CD655 /* AppDelegate.swift in Sources */,
				6A0C78C31AB23256009E2D4C /* FeedPostCell.swift in Sources */,
				6AA9CBA21AB110EF007CD655 /* ProfileViewController.swift in Sources */,
				6A0C78C51AB23961009E2D4C /* NewDiscussionDetailsViewController.swift in Sources */,
				6AD19E8A1AB38EAF00243183 /* DataManager.swift in Sources */,
				6AA9CBA01AB11010007CD655 /* ThirdViewController.swift in Sources */,
				6A0C78BD1AB2039C009E2D4C /* FeedPost.swift in Sources */,
			);
			runOnlyForDeploymentPostprocessing = 0;
		};
		6AA9CB8B1AB10D08007CD655 /* Sources */ = {
			isa = PBXSourcesBuildPhase;
			buildActionMask = 2147483647;
			files = (
				6AA9CB961AB10D08007CD655 /* gamer_iosTests.swift in Sources */,
			);
			runOnlyForDeploymentPostprocessing = 0;
		};
/* End PBXSourcesBuildPhase section */

/* Begin PBXTargetDependency section */
		6AA9CB911AB10D08007CD655 /* PBXTargetDependency */ = {
			isa = PBXTargetDependency;
			target = 6AA9CB771AB10D08007CD655 /* gamer-ios */;
			targetProxy = 6AA9CB901AB10D08007CD655 /* PBXContainerItemProxy */;
		};
/* End PBXTargetDependency section */

/* Begin PBXVariantGroup section */
		6AA9CB831AB10D08007CD655 /* Main.storyboard */ = {
			isa = PBXVariantGroup;
			children = (
				6AA9CB841AB10D08007CD655 /* Base */,
			);
			name = Main.storyboard;
			sourceTree = "<group>";
		};
		6AA9CB881AB10D08007CD655 /* LaunchScreen.xib */ = {
			isa = PBXVariantGroup;
			children = (
				6AA9CB891AB10D08007CD655 /* Base */,
			);
			name = LaunchScreen.xib;
			sourceTree = "<group>";
		};
/* End PBXVariantGroup section */

/* Begin XCBuildConfiguration section */
		6AA9CB971AB10D08007CD655 /* Debug */ = {
			isa = XCBuildConfiguration;
			buildSettings = {
				ALWAYS_SEARCH_USER_PATHS = NO;
				CLANG_CXX_LANGUAGE_STANDARD = "gnu++0x";
				CLANG_CXX_LIBRARY = "libc++";
				CLANG_ENABLE_MODULES = YES;
				CLANG_ENABLE_OBJC_ARC = YES;
				CLANG_WARN_BOOL_CONVERSION = YES;
				CLANG_WARN_CONSTANT_CONVERSION = YES;
				CLANG_WARN_DIRECT_OBJC_ISA_USAGE = YES_ERROR;
				CLANG_WARN_EMPTY_BODY = YES;
				CLANG_WARN_ENUM_CONVERSION = YES;
				CLANG_WARN_INT_CONVERSION = YES;
				CLANG_WARN_OBJC_ROOT_CLASS = YES_ERROR;
				CLANG_WARN_UNREACHABLE_CODE = YES;
				CLANG_WARN__DUPLICATE_METHOD_MATCH = YES;
				"CODE_SIGN_IDENTITY[sdk=iphoneos*]" = "iPhone Developer";
				COPY_PHASE_STRIP = NO;
				ENABLE_STRICT_OBJC_MSGSEND = YES;
				GCC_C_LANGUAGE_STANDARD = gnu99;
				GCC_DYNAMIC_NO_PIC = NO;
				GCC_OPTIMIZATION_LEVEL = 0;
				GCC_PREPROCESSOR_DEFINITIONS = (
					"DEBUG=1",
					"$(inherited)",
				);
				GCC_SYMBOLS_PRIVATE_EXTERN = NO;
				GCC_WARN_64_TO_32_BIT_CONVERSION = YES;
				GCC_WARN_ABOUT_RETURN_TYPE = YES_ERROR;
				GCC_WARN_UNDECLARED_SELECTOR = YES;
				GCC_WARN_UNINITIALIZED_AUTOS = YES_AGGRESSIVE;
				GCC_WARN_UNUSED_FUNCTION = YES;
				GCC_WARN_UNUSED_VARIABLE = YES;
				IPHONEOS_DEPLOYMENT_TARGET = 8.2;
				MTL_ENABLE_DEBUG_INFO = YES;
				ONLY_ACTIVE_ARCH = YES;
				SDKROOT = iphoneos;
				SWIFT_OPTIMIZATION_LEVEL = "-Onone";
			};
			name = Debug;
		};
		6AA9CB981AB10D08007CD655 /* Release */ = {
			isa = XCBuildConfiguration;
			buildSettings = {
				ALWAYS_SEARCH_USER_PATHS = NO;
				CLANG_CXX_LANGUAGE_STANDARD = "gnu++0x";
				CLANG_CXX_LIBRARY = "libc++";
				CLANG_ENABLE_MODULES = YES;
				CLANG_ENABLE_OBJC_ARC = YES;
				CLANG_WARN_BOOL_CONVERSION = YES;
				CLANG_WARN_CONSTANT_CONVERSION = YES;
				CLANG_WARN_DIRECT_OBJC_ISA_USAGE = YES_ERROR;
				CLANG_WARN_EMPTY_BODY = YES;
				CLANG_WARN_ENUM_CONVERSION = YES;
				CLANG_WARN_INT_CONVERSION = YES;
				CLANG_WARN_OBJC_ROOT_CLASS = YES_ERROR;
				CLANG_WARN_UNREACHABLE_CODE = YES;
				CLANG_WARN__DUPLICATE_METHOD_MATCH = YES;
				"CODE_SIGN_IDENTITY[sdk=iphoneos*]" = "iPhone Developer";
				COPY_PHASE_STRIP = NO;
				ENABLE_NS_ASSERTIONS = NO;
				ENABLE_STRICT_OBJC_MSGSEND = YES;
				GCC_C_LANGUAGE_STANDARD = gnu99;
				GCC_WARN_64_TO_32_BIT_CONVERSION = YES;
				GCC_WARN_ABOUT_RETURN_TYPE = YES_ERROR;
				GCC_WARN_UNDECLARED_SELECTOR = YES;
				GCC_WARN_UNINITIALIZED_AUTOS = YES_AGGRESSIVE;
				GCC_WARN_UNUSED_FUNCTION = YES;
				GCC_WARN_UNUSED_VARIABLE = YES;
				IPHONEOS_DEPLOYMENT_TARGET = 8.2;
				MTL_ENABLE_DEBUG_INFO = NO;
				SDKROOT = iphoneos;
				VALIDATE_PRODUCT = YES;
			};
			name = Release;
		};
		6AA9CB9A1AB10D08007CD655 /* Debug */ = {
			isa = XCBuildConfiguration;
			buildSettings = {
				ASSETCATALOG_COMPILER_APPICON_NAME = AppIcon;
				FRAMEWORK_SEARCH_PATHS = (
					"$(inherited)",
					"$(PROJECT_DIR)/gamer-ios",
				);
				INFOPLIST_FILE = "gamer-ios/Info.plist";
				LD_RUNPATH_SEARCH_PATHS = "$(inherited) @executable_path/Frameworks";
				PRODUCT_NAME = "$(TARGET_NAME)";
				SWIFT_OBJC_BRIDGING_HEADER = "gamer-ios/OAuth-Login-Header.h";
			};
			name = Debug;
		};
		6AA9CB9B1AB10D08007CD655 /* Release */ = {
			isa = XCBuildConfiguration;
			buildSettings = {
				ASSETCATALOG_COMPILER_APPICON_NAME = AppIcon;
				FRAMEWORK_SEARCH_PATHS = (
					"$(inherited)",
					"$(PROJECT_DIR)/gamer-ios",
				);
				INFOPLIST_FILE = "gamer-ios/Info.plist";
				LD_RUNPATH_SEARCH_PATHS = "$(inherited) @executable_path/Frameworks";
				PRODUCT_NAME = "$(TARGET_NAME)";
				SWIFT_OBJC_BRIDGING_HEADER = "gamer-ios/OAuth-Login-Header.h";
			};
			name = Release;
		};
		6AA9CB9D1AB10D08007CD655 /* Debug */ = {
			isa = XCBuildConfiguration;
			buildSettings = {
				BUNDLE_LOADER = "$(TEST_HOST)";
				FRAMEWORK_SEARCH_PATHS = (
					"$(SDKROOT)/Developer/Library/Frameworks",
					"$(inherited)",
				);
				GCC_PREPROCESSOR_DEFINITIONS = (
					"DEBUG=1",
					"$(inherited)",
				);
				INFOPLIST_FILE = "gamer-iosTests/Info.plist";
				LD_RUNPATH_SEARCH_PATHS = "$(inherited) @executable_path/Frameworks @loader_path/Frameworks";
				PRODUCT_NAME = "$(TARGET_NAME)";
				TEST_HOST = "$(BUILT_PRODUCTS_DIR)/gamer-ios.app/gamer-ios";
			};
			name = Debug;
		};
		6AA9CB9E1AB10D08007CD655 /* Release */ = {
			isa = XCBuildConfiguration;
			buildSettings = {
				BUNDLE_LOADER = "$(TEST_HOST)";
				FRAMEWORK_SEARCH_PATHS = (
					"$(SDKROOT)/Developer/Library/Frameworks",
					"$(inherited)",
				);
				INFOPLIST_FILE = "gamer-iosTests/Info.plist";
				LD_RUNPATH_SEARCH_PATHS = "$(inherited) @executable_path/Frameworks @loader_path/Frameworks";
				PRODUCT_NAME = "$(TARGET_NAME)";
				TEST_HOST = "$(BUILT_PRODUCTS_DIR)/gamer-ios.app/gamer-ios";
			};
			name = Release;
		};
/* End XCBuildConfiguration section */

/* Begin XCConfigurationList section */
		6AA9CB731AB10D08007CD655 /* Build configuration list for PBXProject "gamer-ios" */ = {
			isa = XCConfigurationList;
			buildConfigurations = (
				6AA9CB971AB10D08007CD655 /* Debug */,
				6AA9CB981AB10D08007CD655 /* Release */,
			);
			defaultConfigurationIsVisible = 0;
			defaultConfigurationName = Release;
		};
		6AA9CB991AB10D08007CD655 /* Build configuration list for PBXNativeTarget "gamer-ios" */ = {
			isa = XCConfigurationList;
			buildConfigurations = (
				6AA9CB9A1AB10D08007CD655 /* Debug */,
				6AA9CB9B1AB10D08007CD655 /* Release */,
			);
			defaultConfigurationIsVisible = 0;
			defaultConfigurationName = Release;
		};
		6AA9CB9C1AB10D08007CD655 /* Build configuration list for PBXNativeTarget "gamer-iosTests" */ = {
			isa = XCConfigurationList;
			buildConfigurations = (
				6AA9CB9D1AB10D08007CD655 /* Debug */,
				6AA9CB9E1AB10D08007CD655 /* Release */,
			);
			defaultConfigurationIsVisible = 0;
			defaultConfigurationName = Release;
		};
/* End XCConfigurationList section */
	};
	rootObject = 6AA9CB701AB10D08007CD655 /* Project object */;
}
